{
  "nodes": {
    "nixpkgs": {
      "locked": {
        "lastModified": 1670009809,
        "narHash": "sha256-yt/dQ32Vz4WenDLu4XeHbnXFxiHbTcnU0WwiLW5Ce6c=",
        "owner": "NixOS",
        "repo": "nixpkgs",
        "rev": "660e7737851506374da39c0fa550c202c824a17c",
        "type": "github"
      },
      "original": {
        "owner": "NixOS",
        "ref": "nixos-22.11",
        "repo": "nixpkgs",
        "type": "github"
      }
    },
    "root": {
      "inputs": {
        "nixpkgs": "nixpkgs"
      }
    }
  },
  "root": "root",
  "version": 7
}
